// !$*UTF8*$!
{
	archiveVersion = 1;
	classes = {
	};
	objectVersion = 56;
	objects = {

/* Begin PBXBuildFile section */
		A10000000000000000000001 /* ContactToolApp.swift in Sources */ = {isa = PBXBuildFile; fileRef = A20000000000000000000001 /* ContactToolApp.swift */; };
		A10000000000000000000002 /* ContentView.swift in Sources */ = {isa = PBXBuildFile; fileRef = A20000000000000000000002 /* ContentView.swift */; };
		A10000000000000000000003 /* TemplateView.swift in Sources */ = {isa = PBXBuildFile; fileRef = A20000000000000000000003 /* TemplateView.swift */; };
		A10000000000000000000004 /* ShareSheet.swift in Sources */ = {isa = PBXBuildFile; fileRef = A20000000000000000000004 /* ShareSheet.swift */; };
		A10000000000000000000005 /* ContactToolViewModel.swift in Sources */ = {isa = PBXBuildFile; fileRef = A20000000000000000000005 /* ContactToolViewModel.swift */; };
		A10000000000000000000006 /* ContactModels.swift in Sources */ = {isa = PBXBuildFile; fileRef = A20000000000000000000006 /* ContactModels.swift */; };
		A10000000000000000000007 /* CSVParser.swift in Sources */ = {isa = PBXBuildFile; fileRef = A20000000000000000000007 /* CSVParser.swift */; };
		A10000000000000000000008 /* XLSXParser.swift in Sources */ = {isa = PBXBuildFile; fileRef = A20000000000000000000008 /* XLSXParser.swift */; };
		A10000000000000000000009 /* ZIPArchive.swift in Sources */ = {isa = PBXBuildFile; fileRef = A20000000000000000000009 /* ZIPArchive.swift */; };
		A10000000000000000000010 /* FieldDetector.swift in Sources */ = {isa = PBXBuildFile; fileRef = A20000000000000000000010 /* FieldDetector.swift */; };
		A10000000000000000000011 /* ContactCleaner.swift in Sources */ = {isa = PBXBuildFile; fileRef = A20000000000000000000011 /* ContactCleaner.swift */; };
		A10000000000000000000012 /* VCardBuilder.swift in Sources */ = {isa = PBXBuildFile; fileRef = A20000000000000000000012 /* VCardBuilder.swift */; };
		A10000000000000000000013 /* TemplateProvider.swift in Sources */ = {isa = PBXBuildFile; fileRef = A20000000000000000000013 /* TemplateProvider.swift */; };
		A10000000000000000000014 /* ZipInflate.c in Sources */ = {isa = PBXBuildFile; fileRef = A20000000000000000000014 /* ZipInflate.c */; };
		A10000000000000000000015 /* InfoPlist.strings in Resources */ = {isa = PBXBuildFile; fileRef = A20000000000000000000022 /* InfoPlist.strings */; };
		A10000000000000000000016 /* ContactTool/Resources/Assets.xcassets in Resources */ = {isa = PBXBuildFile; fileRef = A20000000000000000000023 /* ContactTool/Resources/Assets.xcassets */; };
		A10000000000000000000017 /* LaunchScreen.storyboard in Resources */ = {isa = PBXBuildFile; fileRef = A20000000000000000000024 /* LaunchScreen.storyboard */; };
/* End PBXBuildFile section */

/* Begin PBXFileReference section */
		A20000000000000000000001 /* ContactToolApp.swift */ = {isa = PBXFileReference; lastKnownFileType = sourcecode.swift; path = ContactToolApp.swift; sourceTree = "<group>"; };
		A20000000000000000000002 /* ContentView.swift */ = {isa = PBXFileReference; lastKnownFileType = sourcecode.swift; path = ContentView.swift; sourceTree = "<group>"; };
		A20000000000000000000003 /* TemplateView.swift */ = {isa = PBXFileReference; lastKnownFileType = sourcecode.swift; path = TemplateView.swift; sourceTree = "<group>"; };
		A20000000000000000000004 /* ShareSheet.swift */ = {isa = PBXFileReference; lastKnownFileType = sourcecode.swift; path = ShareSheet.swift; sourceTree = "<group>"; };
		A20000000000000000000005 /* ContactToolViewModel.swift */ = {isa = PBXFileReference; lastKnownFileType = sourcecode.swift; path = ContactToolViewModel.swift; sourceTree = "<group>"; };
		A20000000000000000000006 /* ContactModels.swift */ = {isa = PBXFileReference; lastKnownFileType = sourcecode.swift; path = ContactModels.swift; sourceTree = "<group>"; };
		A20000000000000000000007 /* CSVParser.swift */ = {isa = PBXFileReference; lastKnownFileType = sourcecode.swift; path = CSVParser.swift; sourceTree = "<group>"; };
		A20000000000000000000008 /* XLSXParser.swift */ = {isa = PBXFileReference; lastKnownFileType = sourcecode.swift; path = XLSXParser.swift; sourceTree = "<group>"; };
		A20000000000000000000009 /* ZIPArchive.swift */ = {isa = PBXFileReference; lastKnownFileType = sourcecode.swift; path = ZIPArchive.swift; sourceTree = "<group>"; };
		A20000000000000000000010 /* FieldDetector.swift */ = {isa = PBXFileReference; lastKnownFileType = sourcecode.swift; path = FieldDetector.swift; sourceTree = "<group>"; };
		A20000000000000000000011 /* ContactCleaner.swift */ = {isa = PBXFileReference; lastKnownFileType = sourcecode.swift; path = ContactCleaner.swift; sourceTree = "<group>"; };
		A20000000000000000000012 /* VCardBuilder.swift */ = {isa = PBXFileReference; lastKnownFileType = sourcecode.swift; path = VCardBuilder.swift; sourceTree = "<group>"; };
		A20000000000000000000013 /* TemplateProvider.swift */ = {isa = PBXFileReference; lastKnownFileType = sourcecode.swift; path = TemplateProvider.swift; sourceTree = "<group>"; };
		A20000000000000000000014 /* ZipInflate.c */ = {isa = PBXFileReference; lastKnownFileType = sourcecode.c.c; path = ZipInflate.c; sourceTree = "<group>"; };
		A20000000000000000000015 /* ZipInflate.h */ = {isa = PBXFileReference; lastKnownFileType = sourcecode.c.h; path = ZipInflate.h; sourceTree = "<group>"; };
		A20000000000000000000016 /* ContactTool-Bridging-Header.h */ = {isa = PBXFileReference; lastKnownFileType = sourcecode.c.h; path = "ContactTool-Bridging-Header.h"; sourceTree = "<group>"; };
		A20000000000000000000017 /* Info.plist */ = {isa = PBXFileReference; lastKnownFileType = text.plist.xml; path = Info.plist; sourceTree = "<group>"; };
		A20000000000000000000018 /* ContactTool.app */ = {isa = PBXFileReference; explicitFileType = wrapper.application; includeInIndex = 0; path = ContactTool.app; sourceTree = BUILT_PRODUCTS_DIR; };
		A20000000000000000000019 /* en */ = {isa = PBXFileReference; lastKnownFileType = text.plist.strings; name = en; path = ContactTool/Resources/en.lproj/InfoPlist.strings; sourceTree = SOURCE_ROOT; };
		A20000000000000000000020 /* zh-Hans */ = {isa = PBXFileReference; lastKnownFileType = text.plist.strings; name = "zh-Hans"; path = "ContactTool/Resources/zh-Hans.lproj/InfoPlist.strings"; sourceTree = SOURCE_ROOT; };
		A20000000000000000000021 /* zh-Hant */ = {isa = PBXFileReference; lastKnownFileType = text.plist.strings; name = "zh-Hant"; path = "ContactTool/Resources/zh-Hant.lproj/InfoPlist.strings"; sourceTree = SOURCE_ROOT; };
		A20000000000000000000023 /* ContactTool/Resources/Assets.xcassets */ = {isa = PBXFileReference; lastKnownFileType = folder.assetcatalog; path = ContactTool/Resources/Assets.xcassets; sourceTree = SOURCE_ROOT; };
		A20000000000000000000024 /* LaunchScreen.storyboard */ = {isa = PBXFileReference; lastKnownFileType = file.storyboard; path = LaunchScreen.storyboard; sourceTree = "<group>"; };
/* End PBXFileReference section */

/* Begin PBXFrameworksBuildPhase section */
		A30000000000000000000001 /* Frameworks */ = {
			isa = PBXFrameworksBuildPhase;
			buildActionMask = 2147483647;
			files = (
			);
			runOnlyForDeploymentPostprocessing = 0;
		};
/* End PBXFrameworksBuildPhase section */

/* Begin PBXGroup section */
		A40000000000000000000001 = {
			isa = PBXGroup;
			children = (
				A40000000000000000000002 /* ContactTool */,
				A40000000000000000000009 /* Products */,
			);
			sourceTree = "<group>";
		};
		A40000000000000000000002 /* ContactTool */ = {
			isa = PBXGroup;
			children = (
				A40000000000000000000003 /* App */,
				A40000000000000000000004 /* Models */,
				A40000000000000000000005 /* Parsing */,
				A40000000000000000000006 /* Services */,
				A40000000000000000000007 /* ViewModels */,
				A40000000000000000000008 /* Views */,
				A40000000000000000000010 /* Support */,
				A40000000000000000000011 /* Resources */,
			);
			path = ContactTool;
			sourceTree = "<group>";
		};
		A40000000000000000000003 /* App */ = {
			isa = PBXGroup;
			children = (
				A20000000000000000000001 /* ContactToolApp.swift */,
				A20000000000000000000024 /* LaunchScreen.storyboard */,
				A20000000000000000000017 /* Info.plist */,
			);
			path = App;
			sourceTree = "<group>";
		};
		A40000000000000000000004 /* Models */ = {
			isa = PBXGroup;
			children = (
				A20000000000000000000006 /* ContactModels.swift */,
			);
			path = Models;
			sourceTree = "<group>";
		};
		A40000000000000000000005 /* Parsing */ = {
			isa = PBXGroup;
			children = (
				A20000000000000000000007 /* CSVParser.swift */,
				A20000000000000000000008 /* XLSXParser.swift */,
				A20000000000000000000009 /* ZIPArchive.swift */,
			);
			path = Parsing;
			sourceTree = "<group>";
		};
		A40000000000000000000006 /* Services */ = {
			isa = PBXGroup;
			children = (
				A20000000000000000000010 /* FieldDetector.swift */,
				A20000000000000000000011 /* ContactCleaner.swift */,
				A20000000000000000000012 /* VCardBuilder.swift */,
				A20000000000000000000013 /* TemplateProvider.swift */,
			);
			path = Services;
			sourceTree = "<group>";
		};
		A40000000000000000000007 /* ViewModels */ = {
			isa = PBXGroup;
			children = (
				A20000000000000000000005 /* ContactToolViewModel.swift */,
			);
			path = ViewModels;
			sourceTree = "<group>";
		};
		A40000000000000000000008 /* Views */ = {
			isa = PBXGroup;
			children = (
				A20000000000000000000002 /* ContentView.swift */,
				A20000000000000000000003 /* TemplateView.swift */,
				A20000000000000000000004 /* ShareSheet.swift */,
			);
			path = Views;
			sourceTree = "<group>";
		};
		A40000000000000000000009 /* Products */ = {
			isa = PBXGroup;
			children = (
				A20000000000000000000018 /* ContactTool.app */,
			);
			name = Products;
			sourceTree = "<group>";
		};
		A40000000000000000000010 /* Support */ = {
			isa = PBXGroup;
			children = (
				A20000000000000000000014 /* ZipInflate.c */,
				A20000000000000000000015 /* ZipInflate.h */,
				A20000000000000000000016 /* ContactTool-Bridging-Header.h */,
			);
			path = Support;
			sourceTree = "<group>";
		};
		A40000000000000000000011 /* Resources */ = {
			isa = PBXGroup;
			children = (
				A20000000000000000000022 /* InfoPlist.strings */,
				A20000000000000000000023 /* ContactTool/Resources/Assets.xcassets */,
			);
			path = Resources;
			sourceTree = "<group>";
		};
/* End PBXGroup section */

/* Begin PBXNativeTarget section */
		A50000000000000000000001 /* ContactTool */ = {
			isa = PBXNativeTarget;
			buildConfigurationList = A90000000000000000000002 /* Build configuration list for PBXNativeTarget "ContactTool" */;
			buildPhases = (
				A70000000000000000000001 /* Sources */,
				A30000000000000000000001 /* Frameworks */,
				A80000000000000000000001 /* Resources */,
			);
			buildRules = (
			);
			dependencies = (
			);
			name = ContactTool;
			productName = ContactTool;
			productReference = A20000000000000000000018 /* ContactTool.app */;
			productType = "com.apple.product-type.application";
		};
/* End PBXNativeTarget section */

/* Begin PBXProject section */
		A60000000000000000000001 /* Project object */ = {
			isa = PBXProject;
			attributes = {
				BuildIndependentTargetsInParallel = 1;
				LastSwiftUpdateCheck = 2610;
				LastUpgradeCheck = 2610;
				TargetAttributes = {
					A50000000000000000000001 = {
						CreatedOnToolsVersion = 26.1.1;
					};
				};
			};
			buildConfigurationList = A90000000000000000000001 /* Build configuration list for PBXProject "ContactTool" */;
			compatibilityVersion = "Xcode 14.0";
			developmentRegion = en;
			hasScannedForEncodings = 0;
			knownRegions = (
				en,
				Base,
				"zh-Hans",
				"zh-Hant",
			);
			mainGroup = A40000000000000000000001;
			productRefGroup = A40000000000000000000009 /* Products */;
			projectDirPath = "";
			projectRoot = "";
			targets = (
				A50000000000000000000001 /* ContactTool */,
			);
		};
/* End PBXProject section */

/* Begin PBXResourcesBuildPhase section */
		A80000000000000000000001 /* Resources */ = {
			isa = PBXResourcesBuildPhase;
			buildActionMask = 2147483647;
			files = (
				A10000000000000000000016 /* ContactTool/Resources/Assets.xcassets in Resources */,
				A10000000000000000000017 /* LaunchScreen.storyboard in Resources */,
				A10000000000000000000015 /* InfoPlist.strings in Resources */,
			);
			runOnlyForDeploymentPostprocessing = 0;
		};
/* End PBXResourcesBuildPhase section */

/* Begin PBXSourcesBuildPhase section */
		A70000000000000000000001 /* Sources */ = {
			isa = PBXSourcesBuildPhase;
			buildActionMask = 2147483647;
			files = (
				A10000000000000000000001 /* ContactToolApp.swift in Sources */,
				A10000000000000000000002 /* ContentView.swift in Sources */,
				A10000000000000000000003 /* TemplateView.swift in Sources */,
				A10000000000000000000004 /* ShareSheet.swift in Sources */,
				A10000000000000000000005 /* ContactToolViewModel.swift in Sources */,
				A10000000000000000000006 /* ContactModels.swift in Sources */,
				A10000000000000000000007 /* CSVParser.swift in Sources */,
				A10000000000000000000008 /* XLSXParser.swift in Sources */,
				A10000000000000000000009 /* ZIPArchive.swift in Sources */,
				A10000000000000000000010 /* FieldDetector.swift in Sources */,
				A10000000000000000000011 /* ContactCleaner.swift in Sources */,
				A10000000000000000000012 /* VCardBuilder.swift in Sources */,
				A10000000000000000000013 /* TemplateProvider.swift in Sources */,
				A10000000000000000000014 /* ZipInflate.c in Sources */,
			);
			runOnlyForDeploymentPostprocessing = 0;
		};
/* End PBXSourcesBuildPhase section */

/* Begin PBXVariantGroup section */
		A20000000000000000000022 /* InfoPlist.strings */ = {
			isa = PBXVariantGroup;
			children = (
				A20000000000000000000019 /* en */,
				A20000000000000000000020 /* zh-Hans */,
				A20000000000000000000021 /* zh-Hant */,
			);
			name = InfoPlist.strings;
			sourceTree = "<group>";
		};
/* End PBXVariantGroup section */

/* Begin XCBuildConfiguration section */
		B10000000000000000000001 /* Debug */ = {
			isa = XCBuildConfiguration;
			buildSettings = {
				ALWAYS_SEARCH_USER_PATHS = NO;
				CLANG_ANALYZER_NONNULL = YES;
				CLANG_ENABLE_MODULES = YES;
				CLANG_ENABLE_OBJC_ARC = YES;
				CLANG_WARN_BOOL_CONVERSION = YES;
				CLANG_WARN_CONSTANT_CONVERSION = YES;
				CLANG_WARN_DEPRECATED_OBJC_IMPLEMENTATIONS = YES;
				CLANG_WARN_DIRECT_OBJC_ISA_USAGE = YES_ERROR;
				CLANG_WARN_DOCUMENTATION_COMMENTS = YES;
				CLANG_WARN_EMPTY_BODY = YES;
				CLANG_WARN_ENUM_CONVERSION = YES;
				CLANG_WARN_INFINITE_RECURSION = YES;
				CLANG_WARN_INT_CONVERSION = YES;
				CLANG_WARN_OBJC_IMPLICIT_RETAIN_SELF = YES;
				CLANG_WARN_OBJC_ROOT_CLASS = YES_ERROR;
				CLANG_WARN_RANGE_LOOP_ANALYSIS = YES;
				CLANG_WARN_STRICT_PROTOTYPES = YES;
				CLANG_WARN_UNGUARDED_AVAILABILITY = YES_AGGRESSIVE;
				CLANG_WARN_UNREACHABLE_CODE = YES;
				COPY_PHASE_STRIP = NO;
				DEBUG_INFORMATION_FORMAT = dwarf;
				ENABLE_STRICT_OBJC_MSGSEND = YES;
				ENABLE_TESTABILITY = YES;
				GCC_C_LANGUAGE_STANDARD = gnu17;
				GCC_DYNAMIC_NO_PIC = NO;
				GCC_NO_COMMON_BLOCKS = YES;
				GCC_OPTIMIZATION_LEVEL = 0;
				GCC_WARN_64_TO_32_BIT_CONVERSION = YES;
				GCC_WARN_ABOUT_RETURN_TYPE = YES_ERROR;
				GCC_WARN_UNINITIALIZED_AUTOS = YES_AGGRESSIVE;
				GCC_WARN_UNUSED_FUNCTION = YES;
				GCC_WARN_UNUSED_VARIABLE = YES;
				IPHONEOS_DEPLOYMENT_TARGET = 17.0;
				SDKROOT = iphoneos;
				SWIFT_ACTIVE_COMPILATION_CONDITIONS = DEBUG;
				SWIFT_OPTIMIZATION_LEVEL = "-Onone";
			};
			name = Debug;
		};
		B10000000000000000000002 /* Release */ = {
			isa = XCBuildConfiguration;
			buildSettings = {
				ALWAYS_SEARCH_USER_PATHS = NO;
				CLANG_ANALYZER_NONNULL = YES;
				CLANG_ENABLE_MODULES = YES;
				CLANG_ENABLE_OBJC_ARC = YES;
				CLANG_WARN_BOOL_CONVERSION = YES;
				CLANG_WARN_CONSTANT_CONVERSION = YES;
				CLANG_WARN_DEPRECATED_OBJC_IMPLEMENTATIONS = YES;
				CLANG_WARN_DIRECT_OBJC_ISA_USAGE = YES_ERROR;
				CLANG_WARN_DOCUMENTATION_COMMENTS = YES;
				CLANG_WARN_EMPTY_BODY = YES;
				CLANG_WARN_ENUM_CONVERSION = YES;
				CLANG_WARN_INFINITE_RECURSION = YES;
				CLANG_WARN_INT_CONVERSION = YES;
				CLANG_WARN_OBJC_IMPLICIT_RETAIN_SELF = YES;
				CLANG_WARN_OBJC_ROOT_CLASS = YES_ERROR;
				CLANG_WARN_RANGE_LOOP_ANALYSIS = YES;
				CLANG_WARN_STRICT_PROTOTYPES = YES;
				CLANG_WARN_UNGUARDED_AVAILABILITY = YES_AGGRESSIVE;
				CLANG_WARN_UNREACHABLE_CODE = YES;
				COPY_PHASE_STRIP = NO;
				DEBUG_INFORMATION_FORMAT = "dwarf-with-dsym";
				ENABLE_NS_ASSERTIONS = NO;
				ENABLE_STRICT_OBJC_MSGSEND = YES;
				GCC_C_LANGUAGE_STANDARD = gnu17;
				GCC_NO_COMMON_BLOCKS = YES;
				GCC_WARN_64_TO_32_BIT_CONVERSION = YES;
				GCC_WARN_ABOUT_RETURN_TYPE = YES_ERROR;
				GCC_WARN_UNINITIALIZED_AUTOS = YES_AGGRESSIVE;
				GCC_WARN_UNUSED_FUNCTION = YES;
				GCC_WARN_UNUSED_VARIABLE = YES;
				IPHONEOS_DEPLOYMENT_TARGET = 17.0;
				SDKROOT = iphoneos;
				SWIFT_COMPILATION_MODE = wholemodule;
				VALIDATE_PRODUCT = YES;
			};
			name = Release;
		};
		B20000000000000000000001 /* Debug */ = {
			isa = XCBuildConfiguration;
			buildSettings = {
				ASSETCATALOG_COMPILER_APPICON_NAME = AppIcon;
				ASSETCATALOG_COMPILER_INCLUDE_ALL_APPICON_ASSETS = NO;
				"CODE_SIGN_IDENTITY[sdk=iphoneos*]" = "iPhone Distribution";
				CODE_SIGN_STYLE = Manual;
				CURRENT_PROJECT_VERSION = 102;
				DEVELOPMENT_TEAM = "";
				"DEVELOPMENT_TEAM[sdk=iphoneos*]" = XC93HFAWR8;
				ENABLE_PREVIEWS = YES;
				GENERATE_INFOPLIST_FILE = NO;
				INFOPLIST_FILE = ContactTool/App/Info.plist;
				IPHONEOS_DEPLOYMENT_TARGET = 17.0;
				MARKETING_VERSION = 1.0;
				OTHER_LDFLAGS = "-lz";
				PRODUCT_BUNDLE_IDENTIFIER = com.qj.contactstools;
				PRODUCT_NAME = "$(TARGET_NAME)";
				PROVISIONING_PROFILE_SPECIFIER = "";
				"PROVISIONING_PROFILE_SPECIFIER[sdk=iphoneos*]" = Contact_release;
				SUPPORTED_PLATFORMS = "iphoneos iphonesimulator";
				SUPPORTS_MACCATALYST = NO;
				SUPPORTS_MAC_DESIGNED_FOR_IPHONE_IPAD = NO;
				SUPPORTS_XR_DESIGNED_FOR_IPHONE_IPAD = NO;
				SWIFT_OBJC_BRIDGING_HEADER = "ContactTool/Support/ContactTool-Bridging-Header.h";
				SWIFT_VERSION = 5.0;
				TARGETED_DEVICE_FAMILY = 1;
			};
			name = Debug;
		};
		B20000000000000000000002 /* Release */ = {
			isa = XCBuildConfiguration;
			buildSettings = {
				ASSETCATALOG_COMPILER_APPICON_NAME = AppIcon;
				ASSETCATALOG_COMPILER_INCLUDE_ALL_APPICON_ASSETS = NO;
				"CODE_SIGN_IDENTITY[sdk=iphoneos*]" = "iPhone Distribution";
				CODE_SIGN_STYLE = Manual;
				CURRENT_PROJECT_VERSION = 102;
				DEVELOPMENT_TEAM = "";
				"DEVELOPMENT_TEAM[sdk=iphoneos*]" = XC93HFAWR8;
				ENABLE_PREVIEWS = YES;
				GENERATE_INFOPLIST_FILE = NO;
				INFOPLIST_FILE = ContactTool/App/Info.plist;
				IPHONEOS_DEPLOYMENT_TARGET = 17.0;
				MARKETING_VERSION = 1.0;
				OTHER_LDFLAGS = "-lz";
				PRODUCT_BUNDLE_IDENTIFIER = com.qj.contactstools;
				PRODUCT_NAME = "$(TARGET_NAME)";
				PROVISIONING_PROFILE_SPECIFIER = "";
				"PROVISIONING_PROFILE_SPECIFIER[sdk=iphoneos*]" = Contact_release;
				SUPPORTED_PLATFORMS = "iphoneos iphonesimulator";
				SUPPORTS_MACCATALYST = NO;
				SUPPORTS_MAC_DESIGNED_FOR_IPHONE_IPAD = NO;
				SUPPORTS_XR_DESIGNED_FOR_IPHONE_IPAD = NO;
				SWIFT_OBJC_BRIDGING_HEADER = "ContactTool/Support/ContactTool-Bridging-Header.h";
				SWIFT_VERSION = 5.0;
				TARGETED_DEVICE_FAMILY = 1;
			};
			name = Release;
		};
/* End XCBuildConfiguration section */

/* Begin XCConfigurationList section */
		A90000000000000000000001 /* Build configuration list for PBXProject "ContactTool" */ = {
			isa = XCConfigurationList;
			buildConfigurations = (
				B10000000000000000000001 /* Debug */,
				B10000000000000000000002 /* Release */,
			);
			defaultConfigurationIsVisible = 0;
			defaultConfigurationName = Release;
		};
		A90000000000000000000002 /* Build configuration list for PBXNativeTarget "ContactTool" */ = {
			isa = XCConfigurationList;
			buildConfigurations = (
				B20000000000000000000001 /* Debug */,
				B20000000000000000000002 /* Release */,
			);
			defaultConfigurationIsVisible = 0;
			defaultConfigurationName = Release;
		};
/* End XCConfigurationList section */
	};
	rootObject = A60000000000000000000001 /* Project object */;
}
